
Microsoft Visual Studio Solution File, Format Version 12.00
# Visual Studio Version 16
VisualStudioVersion = 16.0.31112.23
MinimumVisualStudioVersion = 10.0.40219.1
Project("{9A19103F-16F7-4668-BE54-9A1E7A4F7556}") = "guessNum", "hello world\guessNum.csproj", "{BC0AE893-D128-4D5C-B125-07FEBADADA82}"
EndProject
Global
	GlobalSection(SolutionConfigurationPlatforms) = preSolution
		Debug|Any CPU = Debug|Any CPU
		Release|Any CPU = Release|Any CPU
	EndGlobalSection
	GlobalSection(ProjectConfigurationPlatforms) = postSolution
		{BC0AE893-D128-4D5C-B125-07FEBADADA82}.Debug|Any CPU.ActiveCfg = Debug|Any CPU
		{BC0AE893-D128-4D5C-B125-07FEBADADA82}.Debug|Any CPU.Build.0 = Debug|Any CPU
		{BC0AE893-D128-4D5C-B125-07FEBADADA82}.Release|Any CPU.ActiveCfg = Release|Any CPU
		{BC0AE893-D128-4D5C-B125-07FEBADADA82}.Release|Any CPU.Build.0 = Release|Any CPU
	EndGlobalSection
	GlobalSection(SolutionProperties) = preSolution
		HideSolutionNode = FALSE
	EndGlobalSection
	GlobalSection(ExtensibilityGlobals) = postSolution
		SolutionGuid = {0565F3E1-DF30-4B0C-8D44-7E1489666683}
	EndGlobalSection
EndGlobal
